
Microsoft Visual Studio Solution File, Format Version 12.00
# Visual Studio Version 17
VisualStudioVersion = 17.3.32901.215
MinimumVisualStudioVersion = 10.0.40219.1
Project("{FAE04EC0-301F-11D3-BF4B-00C04F79EFBC}") = "cSharp zh progparadigmak", "cSharp zh progparadigmak\cSharp zh progparadigmak.csproj", "{B6CF16A2-9260-4295-90FE-275BD64876A5}"
EndProject
Global
	GlobalSection(SolutionConfigurationPlatforms) = preSolution
		Debug|Any CPU = Debug|Any CPU
		Release|Any CPU = Release|Any CPU
	EndGlobalSection
	GlobalSection(ProjectConfigurationPlatforms) = postSolution
		{B6CF16A2-9260-4295-90FE-275BD64876A5}.Debug|Any CPU.ActiveCfg = Debug|Any CPU
		{B6CF16A2-9260-4295-90FE-275BD64876A5}.Debug|Any CPU.Build.0 = Debug|Any CPU
		{B6CF16A2-9260-4295-90FE-275BD64876A5}.Release|Any CPU.ActiveCfg = Release|Any CPU
		{B6CF16A2-9260-4295-90FE-275BD64876A5}.Release|Any CPU.Build.0 = Release|Any CPU
	EndGlobalSection
	GlobalSection(SolutionProperties) = preSolution
		HideSolutionNode = FALSE
	EndGlobalSection
	GlobalSection(ExtensibilityGlobals) = postSolution
		SolutionGuid = {50CE9F65-2B78-41BD-9FD9-9B52E6EE9B7F}
	EndGlobalSection
EndGlobal
